// !$*UTF8*$!
{
	archiveVersion = 1;
	classes = {
	};
	objectVersion = 50;
	objects = {

/* Begin PBXBuildFile section */
		1114F40620BD13430031EDB8 /* AppDelegate.swift in Sources */ = {isa = PBXBuildFile; fileRef = 1114F40520BD13430031EDB8 /* AppDelegate.swift */; };
		1114F40820BD13430031EDB8 /* ToDoListViewController.swift in Sources */ = {isa = PBXBuildFile; fileRef = 1114F40720BD13430031EDB8 /* ToDoListViewController.swift */; };
		1114F40B20BD13430031EDB8 /* Main.storyboard in Resources */ = {isa = PBXBuildFile; fileRef = 1114F40920BD13430031EDB8 /* Main.storyboard */; };
		1114F40D20BD13450031EDB8 /* Assets.xcassets in Resources */ = {isa = PBXBuildFile; fileRef = 1114F40C20BD13450031EDB8 /* Assets.xcassets */; };
		1114F41020BD13450031EDB8 /* LaunchScreen.storyboard in Resources */ = {isa = PBXBuildFile; fileRef = 1114F40E20BD13450031EDB8 /* LaunchScreen.storyboard */; };
		111B7E3C20CCB4F000E9B59B /* SwipeTableViewController.swift in Sources */ = {isa = PBXBuildFile; fileRef = 111B7E3B20CCB4F000E9B59B /* SwipeTableViewController.swift */; };
		11D768FF20CB872E0045CC7B /* Item.swift in Sources */ = {isa = PBXBuildFile; fileRef = 11D768FE20CB872D0045CC7B /* Item.swift */; };
		11D7690120CB87360045CC7B /* Category.swift in Sources */ = {isa = PBXBuildFile; fileRef = 11D7690020CB87360045CC7B /* Category.swift */; };
		11DBDB3920C41707006334D4 /* CategoryViewController.swift in Sources */ = {isa = PBXBuildFile; fileRef = 11DBDB3820C41707006334D4 /* CategoryViewController.swift */; };
		B95039787AC3A1A830F7A14C /* Pods_Todoey.framework in Frameworks */ = {isa = PBXBuildFile; fileRef = 140738D398A19021534E5BD2 /* Pods_Todoey.framework */; };
/* End PBXBuildFile section */

/* Begin PBXFileReference section */
		1114F40220BD13430031EDB8 /* Todoey.app */ = {isa = PBXFileReference; explicitFileType = wrapper.application; includeInIndex = 0; path = Todoey.app; sourceTree = BUILT_PRODUCTS_DIR; };
		1114F40520BD13430031EDB8 /* AppDelegate.swift */ = {isa = PBXFileReference; lastKnownFileType = sourcecode.swift; path = AppDelegate.swift; sourceTree = "<group>"; };
		1114F40720BD13430031EDB8 /* ToDoListViewController.swift */ = {isa = PBXFileReference; lastKnownFileType = sourcecode.swift; path = ToDoListViewController.swift; sourceTree = "<group>"; };
		1114F40A20BD13430031EDB8 /* Base */ = {isa = PBXFileReference; lastKnownFileType = file.storyboard; name = Base; path = Base.lproj/Main.storyboard; sourceTree = "<group>"; };
		1114F40C20BD13450031EDB8 /* Assets.xcassets */ = {isa = PBXFileReference; lastKnownFileType = folder.assetcatalog; path = Assets.xcassets; sourceTree = "<group>"; };
		1114F40F20BD13450031EDB8 /* Base */ = {isa = PBXFileReference; lastKnownFileType = file.storyboard; name = Base; path = Base.lproj/LaunchScreen.storyboard; sourceTree = "<group>"; };
		1114F41120BD13450031EDB8 /* Info.plist */ = {isa = PBXFileReference; lastKnownFileType = text.plist.xml; path = Info.plist; sourceTree = "<group>"; };
		111B7E3B20CCB4F000E9B59B /* SwipeTableViewController.swift */ = {isa = PBXFileReference; lastKnownFileType = sourcecode.swift; path = SwipeTableViewController.swift; sourceTree = "<group>"; };
		11D768FE20CB872D0045CC7B /* Item.swift */ = {isa = PBXFileReference; lastKnownFileType = sourcecode.swift; path = Item.swift; sourceTree = "<group>"; };
		11D7690020CB87360045CC7B /* Category.swift */ = {isa = PBXFileReference; lastKnownFileType = sourcecode.swift; path = Category.swift; sourceTree = "<group>"; };
		11DBDB3820C41707006334D4 /* CategoryViewController.swift */ = {isa = PBXFileReference; lastKnownFileType = sourcecode.swift; path = CategoryViewController.swift; sourceTree = "<group>"; };
		140738D398A19021534E5BD2 /* Pods_Todoey.framework */ = {isa = PBXFileReference; explicitFileType = wrapper.framework; includeInIndex = 0; path = Pods_Todoey.framework; sourceTree = BUILT_PRODUCTS_DIR; };
		ACC0D055A76CC7F5094F4D19 /* Pods-Todoey.debug.xcconfig */ = {isa = PBXFileReference; includeInIndex = 1; lastKnownFileType = text.xcconfig; name = "Pods-Todoey.debug.xcconfig"; path = "Pods/Target Support Files/Pods-Todoey/Pods-Todoey.debug.xcconfig"; sourceTree = "<group>"; };
		CEA4450740BFBA61475CDD11 /* Pods-Todoey.release.xcconfig */ = {isa = PBXFileReference; includeInIndex = 1; lastKnownFileType = text.xcconfig; name = "Pods-Todoey.release.xcconfig"; path = "Pods/Target Support Files/Pods-Todoey/Pods-Todoey.release.xcconfig"; sourceTree = "<group>"; };
/* End PBXFileReference section */

/* Begin PBXFrameworksBuildPhase section */
		1114F3FF20BD13430031EDB8 /* Frameworks */ = {
			isa = PBXFrameworksBuildPhase;
			buildActionMask = 2147483647;
			files = (
				B95039787AC3A1A830F7A14C /* Pods_Todoey.framework in Frameworks */,
			);
			runOnlyForDeploymentPostprocessing = 0;
		};
/* End PBXFrameworksBuildPhase section */

/* Begin PBXGroup section */
		1114F3F920BD13430031EDB8 = {
			isa = PBXGroup;
			children = (
				1114F40420BD13430031EDB8 /* Todoey */,
				1114F40320BD13430031EDB8 /* Products */,
				F9EECCCBE6523251C34D4CA2 /* Pods */,
				1941206E51C8F29F468ED8D2 /* Frameworks */,
			);
			sourceTree = "<group>";
		};
		1114F40320BD13430031EDB8 /* Products */ = {
			isa = PBXGroup;
			children = (
				1114F40220BD13430031EDB8 /* Todoey.app */,
			);
			name = Products;
			sourceTree = "<group>";
		};
		1114F40420BD13430031EDB8 /* Todoey */ = {
			isa = PBXGroup;
			children = (
				1114F40520BD13430031EDB8 /* AppDelegate.swift */,
				1114F41A20BFFA540031EDB8 /* Controllers */,
				1114F41B20BFFA670031EDB8 /* Views */,
				1114F41C20BFFA7C0031EDB8 /* Supporting Files */,
				1114F41120BD13450031EDB8 /* Info.plist */,
				1114F41920BFFA3D0031EDB8 /* Date Model */,
			);
			path = Todoey;
			sourceTree = "<group>";
		};
		1114F41920BFFA3D0031EDB8 /* Date Model */ = {
			isa = PBXGroup;
			children = (
				11D7690020CB87360045CC7B /* Category.swift */,
				11D768FE20CB872D0045CC7B /* Item.swift */,
			);
			path = "Date Model";
			sourceTree = "<group>";
		};
		1114F41A20BFFA540031EDB8 /* Controllers */ = {
			isa = PBXGroup;
			children = (
				111B7E3B20CCB4F000E9B59B /* SwipeTableViewController.swift */,
				11DBDB3820C41707006334D4 /* CategoryViewController.swift */,
				1114F40720BD13430031EDB8 /* ToDoListViewController.swift */,
			);
			path = Controllers;
			sourceTree = "<group>";
		};
		1114F41B20BFFA670031EDB8 /* Views */ = {
			isa = PBXGroup;
			children = (
				1114F40920BD13430031EDB8 /* Main.storyboard */,
			);
			path = Views;
			sourceTree = "<group>";
		};
		1114F41C20BFFA7C0031EDB8 /* Supporting Files */ = {
			isa = PBXGroup;
			children = (
				1114F40C20BD13450031EDB8 /* Assets.xcassets */,
				1114F40E20BD13450031EDB8 /* LaunchScreen.storyboard */,
			);
			path = "Supporting Files";
			sourceTree = "<group>";
		};
		1941206E51C8F29F468ED8D2 /* Frameworks */ = {
			isa = PBXGroup;
			children = (
				140738D398A19021534E5BD2 /* Pods_Todoey.framework */,
			);
			name = Frameworks;
			sourceTree = "<group>";
		};
		F9EECCCBE6523251C34D4CA2 /* Pods */ = {
			isa = PBXGroup;
			children = (
				ACC0D055A76CC7F5094F4D19 /* Pods-Todoey.debug.xcconfig */,
				CEA4450740BFBA61475CDD11 /* Pods-Todoey.release.xcconfig */,
			);
			name = Pods;
			sourceTree = "<group>";
		};
/* End PBXGroup section */

/* Begin PBXNativeTarget section */
		1114F40120BD13430031EDB8 /* Todoey */ = {
			isa = PBXNativeTarget;
			buildConfigurationList = 1114F41420BD13450031EDB8 /* Build configuration list for PBXNativeTarget "Todoey" */;
			buildPhases = (
				5E2D36C066E8AFFF1BF29F92 /* [CP] Check Pods Manifest.lock */,
				1114F3FE20BD13430031EDB8 /* Sources */,
				1114F3FF20BD13430031EDB8 /* Frameworks */,
				1114F40020BD13430031EDB8 /* Resources */,
				3E5B498261E21606730AD922 /* [CP] Embed Pods Frameworks */,
			);
			buildRules = (
			);
			dependencies = (
			);
			name = Todoey;
			productName = Todoey;
			productReference = 1114F40220BD13430031EDB8 /* Todoey.app */;
			productType = "com.apple.product-type.application";
		};
/* End PBXNativeTarget section */

/* Begin PBXProject section */
		1114F3FA20BD13430031EDB8 /* Project object */ = {
			isa = PBXProject;
			attributes = {
				LastSwiftUpdateCheck = 0930;
				LastUpgradeCheck = 0930;
				ORGANIZATIONNAME = JesmondCamilleri;
				TargetAttributes = {
					1114F40120BD13430031EDB8 = {
						CreatedOnToolsVersion = 9.3.1;
					};
				};
			};
			buildConfigurationList = 1114F3FD20BD13430031EDB8 /* Build configuration list for PBXProject "Todoey" */;
			compatibilityVersion = "Xcode 9.3";
			developmentRegion = en;
			hasScannedForEncodings = 0;
			knownRegions = (
				en,
				Base,
			);
			mainGroup = 1114F3F920BD13430031EDB8;
			productRefGroup = 1114F40320BD13430031EDB8 /* Products */;
			projectDirPath = "";
			projectRoot = "";
			targets = (
				1114F40120BD13430031EDB8 /* Todoey */,
			);
		};
/* End PBXProject section */

/* Begin PBXResourcesBuildPhase section */
		1114F40020BD13430031EDB8 /* Resources */ = {
			isa = PBXResourcesBuildPhase;
			buildActionMask = 2147483647;
			files = (
				1114F41020BD13450031EDB8 /* LaunchScreen.storyboard in Resources */,
				1114F40D20BD13450031EDB8 /* Assets.xcassets in Resources */,
				1114F40B20BD13430031EDB8 /* Main.storyboard in Resources */,
			);
			runOnlyForDeploymentPostprocessing = 0;
		};
/* End PBXResourcesBuildPhase section */

/* Begin PBXShellScriptBuildPhase section */
		3E5B498261E21606730AD922 /* [CP] Embed Pods Frameworks */ = {
			isa = PBXShellScriptBuildPhase;
			buildActionMask = 2147483647;
			files = (
			);
			inputPaths = (
				"${SRCROOT}/Pods/Target Support Files/Pods-Todoey/Pods-Todoey-frameworks.sh",
				"${BUILT_PRODUCTS_DIR}/Realm/Realm.framework",
				"${BUILT_PRODUCTS_DIR}/RealmSwift/RealmSwift.framework",
				"${BUILT_PRODUCTS_DIR}/SwipeCellKit/SwipeCellKit.framework",
			);
			name = "[CP] Embed Pods Frameworks";
			outputPaths = (
				"${TARGET_BUILD_DIR}/${FRAMEWORKS_FOLDER_PATH}/Realm.framework",
				"${TARGET_BUILD_DIR}/${FRAMEWORKS_FOLDER_PATH}/RealmSwift.framework",
				"${TARGET_BUILD_DIR}/${FRAMEWORKS_FOLDER_PATH}/SwipeCellKit.framework",
			);
			runOnlyForDeploymentPostprocessing = 0;
			shellPath = /bin/sh;
			shellScript = "\"${SRCROOT}/Pods/Target Support Files/Pods-Todoey/Pods-Todoey-frameworks.sh\"\n";
			showEnvVarsInLog = 0;
		};
		5E2D36C066E8AFFF1BF29F92 /* [CP] Check Pods Manifest.lock */ = {
			isa = PBXShellScriptBuildPhase;
			buildActionMask = 2147483647;
			files = (
			);
			inputPaths = (
				"${PODS_PODFILE_DIR_PATH}/Podfile.lock",
				"${PODS_ROOT}/Manifest.lock",
			);
			name = "[CP] Check Pods Manifest.lock";
			outputPaths = (
				"$(DERIVED_FILE_DIR)/Pods-Todoey-checkManifestLockResult.txt",
			);
			runOnlyForDeploymentPostprocessing = 0;
			shellPath = /bin/sh;
			shellScript = "diff \"${PODS_PODFILE_DIR_PATH}/Podfile.lock\" \"${PODS_ROOT}/Manifest.lock\" > /dev/null\nif [ $? != 0 ] ; then\n    # print error to STDERR\n    echo \"error: The sandbox is not in sync with the Podfile.lock. Run 'pod install' or update your CocoaPods installation.\" >&2\n    exit 1\nfi\n# This output is used by Xcode 'outputs' to avoid re-running this script phase.\necho \"SUCCESS\" > \"${SCRIPT_OUTPUT_FILE_0}\"\n";
			showEnvVarsInLog = 0;
		};
/* End PBXShellScriptBuildPhase section */

/* Begin PBXSourcesBuildPhase section */
		1114F3FE20BD13430031EDB8 /* Sources */ = {
			isa = PBXSourcesBuildPhase;
			buildActionMask = 2147483647;
			files = (
				11D768FF20CB872E0045CC7B /* Item.swift in Sources */,
				11DBDB3920C41707006334D4 /* CategoryViewController.swift in Sources */,
				1114F40820BD13430031EDB8 /* ToDoListViewController.swift in Sources */,
				1114F40620BD13430031EDB8 /* AppDelegate.swift in Sources */,
				111B7E3C20CCB4F000E9B59B /* SwipeTableViewController.swift in Sources */,
				11D7690120CB87360045CC7B /* Category.swift in Sources */,
			);
			runOnlyForDeploymentPostprocessing = 0;
		};
/* End PBXSourcesBuildPhase section */

/* Begin PBXVariantGroup section */
		1114F40920BD13430031EDB8 /* Main.storyboard */ = {
			isa = PBXVariantGroup;
			children = (
				1114F40A20BD13430031EDB8 /* Base */,
			);
			name = Main.storyboard;
			sourceTree = "<group>";
		};
		1114F40E20BD13450031EDB8 /* LaunchScreen.storyboard */ = {
			isa = PBXVariantGroup;
			children = (
				1114F40F20BD13450031EDB8 /* Base */,
			);
			name = LaunchScreen.storyboard;
			sourceTree = "<group>";
		};
/* End PBXVariantGroup section */

/* Begin XCBuildConfiguration section */
		1114F41220BD13450031EDB8 /* Debug */ = {
			isa = XCBuildConfiguration;
			buildSettings = {
				ALWAYS_SEARCH_USER_PATHS = NO;
				CLANG_ANALYZER_NONNULL = YES;
				CLANG_ANALYZER_NUMBER_OBJECT_CONVERSION = YES_AGGRESSIVE;
				CLANG_CXX_LANGUAGE_STANDARD = "gnu++14";
				CLANG_CXX_LIBRARY = "libc++";
				CLANG_ENABLE_MODULES = YES;
				CLANG_ENABLE_OBJC_ARC = YES;
				CLANG_ENABLE_OBJC_WEAK = YES;
				CLANG_WARN_BLOCK_CAPTURE_AUTORELEASING = YES;
				CLANG_WARN_BOOL_CONVERSION = YES;
				CLANG_WARN_COMMA = YES;
				CLANG_WARN_CONSTANT_CONVERSION = YES;
				CLANG_WARN_DEPRECATED_OBJC_IMPLEMENTATIONS = YES;
				CLANG_WARN_DIRECT_OBJC_ISA_USAGE = YES_ERROR;
				CLANG_WARN_DOCUMENTATION_COMMENTS = YES;
				CLANG_WARN_EMPTY_BODY = YES;
				CLANG_WARN_ENUM_CONVERSION = YES;
				CLANG_WARN_INFINITE_RECURSION = YES;
				CLANG_WARN_INT_CONVERSION = YES;
				CLANG_WARN_NON_LITERAL_NULL_CONVERSION = YES;
				CLANG_WARN_OBJC_IMPLICIT_RETAIN_SELF = YES;
				CLANG_WARN_OBJC_LITERAL_CONVERSION = YES;
				CLANG_WARN_OBJC_ROOT_CLASS = YES_ERROR;
				CLANG_WARN_RANGE_LOOP_ANALYSIS = YES;
				CLANG_WARN_STRICT_PROTOTYPES = YES;
				CLANG_WARN_SUSPICIOUS_MOVE = YES;
				CLANG_WARN_UNGUARDED_AVAILABILITY = YES_AGGRESSIVE;
				CLANG_WARN_UNREACHABLE_CODE = YES;
				CLANG_WARN__DUPLICATE_METHOD_MATCH = YES;
				CODE_SIGN_IDENTITY = "iPhone Developer";
				COPY_PHASE_STRIP = NO;
				DEBUG_INFORMATION_FORMAT = dwarf;
				ENABLE_STRICT_OBJC_MSGSEND = YES;
				ENABLE_TESTABILITY = YES;
				GCC_C_LANGUAGE_STANDARD = gnu11;
				GCC_DYNAMIC_NO_PIC = NO;
				GCC_NO_COMMON_BLOCKS = YES;
				GCC_OPTIMIZATION_LEVEL = 0;
				GCC_PREPROCESSOR_DEFINITIONS = (
					"DEBUG=1",
					"$(inherited)",
				);
				GCC_WARN_64_TO_32_BIT_CONVERSION = YES;
				GCC_WARN_ABOUT_RETURN_TYPE = YES_ERROR;
				GCC_WARN_UNDECLARED_SELECTOR = YES;
				GCC_WARN_UNINITIALIZED_AUTOS = YES_AGGRESSIVE;
				GCC_WARN_UNUSED_FUNCTION = YES;
				GCC_WARN_UNUSED_VARIABLE = YES;
				IPHONEOS_DEPLOYMENT_TARGET = 11.3;
				MTL_ENABLE_DEBUG_INFO = YES;
				ONLY_ACTIVE_ARCH = YES;
				SDKROOT = iphoneos;
				SWIFT_ACTIVE_COMPILATION_CONDITIONS = DEBUG;
				SWIFT_OPTIMIZATION_LEVEL = "-Onone";
			};
			name = Debug;
		};
		1114F41320BD13450031EDB8 /* Release */ = {
			isa = XCBuildConfiguration;
			buildSettings = {
				ALWAYS_SEARCH_USER_PATHS = NO;
				CLANG_ANALYZER_NONNULL = YES;
				CLANG_ANALYZER_NUMBER_OBJECT_CONVERSION = YES_AGGRESSIVE;
				CLANG_CXX_LANGUAGE_STANDARD = "gnu++14";
				CLANG_CXX_LIBRARY = "libc++";
				CLANG_ENABLE_MODULES = YES;
				CLANG_ENABLE_OBJC_ARC = YES;
				CLANG_ENABLE_OBJC_WEAK = YES;
				CLANG_WARN_BLOCK_CAPTURE_AUTORELEASING = YES;
				CLANG_WARN_BOOL_CONVERSION = YES;
				CLANG_WARN_COMMA = YES;
				CLANG_WARN_CONSTANT_CONVERSION = YES;
				CLANG_WARN_DEPRECATED_OBJC_IMPLEMENTATIONS = YES;
				CLANG_WARN_DIRECT_OBJC_ISA_USAGE = YES_ERROR;
				CLANG_WARN_DOCUMENTATION_COMMENTS = YES;
				CLANG_WARN_EMPTY_BODY = YES;
				CLANG_WARN_ENUM_CONVERSION = YES;
				CLANG_WARN_INFINITE_RECURSION = YES;
				CLANG_WARN_INT_CONVERSION = YES;
				CLANG_WARN_NON_LITERAL_NULL_CONVERSION = YES;
				CLANG_WARN_OBJC_IMPLICIT_RETAIN_SELF = YES;
				CLANG_WARN_OBJC_LITERAL_CONVERSION = YES;
				CLANG_WARN_OBJC_ROOT_CLASS = YES_ERROR;
				CLANG_WARN_RANGE_LOOP_ANALYSIS = YES;
				CLANG_WARN_STRICT_PROTOTYPES = YES;
				CLANG_WARN_SUSPICIOUS_MOVE = YES;
				CLANG_WARN_UNGUARDED_AVAILABILITY = YES_AGGRESSIVE;
				CLANG_WARN_UNREACHABLE_CODE = YES;
				CLANG_WARN__DUPLICATE_METHOD_MATCH = YES;
				CODE_SIGN_IDENTITY = "iPhone Developer";
				COPY_PHASE_STRIP = NO;
				DEBUG_INFORMATION_FORMAT = "dwarf-with-dsym";
				ENABLE_NS_ASSERTIONS = NO;
				ENABLE_STRICT_OBJC_MSGSEND = YES;
				GCC_C_LANGUAGE_STANDARD = gnu11;
				GCC_NO_COMMON_BLOCKS = YES;
				GCC_WARN_64_TO_32_BIT_CONVERSION = YES;
				GCC_WARN_ABOUT_RETURN_TYPE = YES_ERROR;
				GCC_WARN_UNDECLARED_SELECTOR = YES;
				GCC_WARN_UNINITIALIZED_AUTOS = YES_AGGRESSIVE;
				GCC_WARN_UNUSED_FUNCTION = YES;
				GCC_WARN_UNUSED_VARIABLE = YES;
				IPHONEOS_DEPLOYMENT_TARGET = 11.3;
				MTL_ENABLE_DEBUG_INFO = NO;
				SDKROOT = iphoneos;
				SWIFT_COMPILATION_MODE = wholemodule;
				SWIFT_OPTIMIZATION_LEVEL = "-O";
				VALIDATE_PRODUCT = YES;
			};
			name = Release;
		};
		1114F41520BD13450031EDB8 /* Debug */ = {
			isa = XCBuildConfiguration;
			baseConfigurationReference = ACC0D055A76CC7F5094F4D19 /* Pods-Todoey.debug.xcconfig */;
			buildSettings = {
				ASSETCATALOG_COMPILER_APPICON_NAME = AppIcon;
				CODE_SIGN_STYLE = Automatic;
				DEVELOPMENT_TEAM = F9LKD5C7D8;
				INFOPLIST_FILE = Todoey/Info.plist;
				LD_RUNPATH_SEARCH_PATHS = (
					"$(inherited)",
					"@executable_path/Frameworks",
				);
				PRODUCT_BUNDLE_IDENTIFIER = com.JesmondCamilleri.Todoey;
				PRODUCT_NAME = "$(TARGET_NAME)";
				SWIFT_VERSION = 4.0;
				TARGETED_DEVICE_FAMILY = "1,2";
			};
			name = Debug;
		};
		1114F41620BD13450031EDB8 /* Release */ = {
			isa = XCBuildConfiguration;
			baseConfigurationReference = CEA4450740BFBA61475CDD11 /* Pods-Todoey.release.xcconfig */;
			buildSettings = {
				ASSETCATALOG_COMPILER_APPICON_NAME = AppIcon;
				CODE_SIGN_STYLE = Automatic;
				DEVELOPMENT_TEAM = F9LKD5C7D8;
				INFOPLIST_FILE = Todoey/Info.plist;
				LD_RUNPATH_SEARCH_PATHS = (
					"$(inherited)",
					"@executable_path/Frameworks",
				);
				PRODUCT_BUNDLE_IDENTIFIER = com.JesmondCamilleri.Todoey;
				PRODUCT_NAME = "$(TARGET_NAME)";
				SWIFT_VERSION = 4.0;
				TARGETED_DEVICE_FAMILY = "1,2";
			};
			name = Release;
		};
/* End XCBuildConfiguration section */

/* Begin XCConfigurationList section */
		1114F3FD20BD13430031EDB8 /* Build configuration list for PBXProject "Todoey" */ = {
			isa = XCConfigurationList;
			buildConfigurations = (
				1114F41220BD13450031EDB8 /* Debug */,
				1114F41320BD13450031EDB8 /* Release */,
			);
			defaultConfigurationIsVisible = 0;
			defaultConfigurationName = Release;
		};
		1114F41420BD13450031EDB8 /* Build configuration list for PBXNativeTarget "Todoey" */ = {
			isa = XCConfigurationList;
			buildConfigurations = (
				1114F41520BD13450031EDB8 /* Debug */,
				1114F41620BD13450031EDB8 /* Release */,
			);
			defaultConfigurationIsVisible = 0;
			defaultConfigurationName = Release;
		};
/* End XCConfigurationList section */
	};
	rootObject = 1114F3FA20BD13430031EDB8 /* Project object */;
}
